
Microsoft Visual Studio Solution File, Format Version 12.00
# Visual Studio 15
VisualStudioVersion = 15.0.28010.2036
MinimumVisualStudioVersion = 10.0.40219.1
Project("{9A19103F-16F7-4668-BE54-9A1E7A4F7556}") = "KlausurtrainerPlugin", "KlausurtrainerPlugin\KlausurtrainerPlugin.csproj", "{69274C0C-20EB-4129-A035-32F5F96D014A}"
EndProject
Project("{FAE04EC0-301F-11D3-BF4B-00C04F79EFBC}") = "KlausurtrainerPluginTests", "KlausurtrainerPluginTests\KlausurtrainerPluginTests.csproj", "{4884594B-EC6E-43F8-8A6D-2A1289E164CB}"
EndProject
Global
	GlobalSection(SolutionConfigurationPlatforms) = preSolution
		Debug|Any CPU = Debug|Any CPU
		Release|Any CPU = Release|Any CPU
	EndGlobalSection
	GlobalSection(ProjectConfigurationPlatforms) = postSolution
		{69274C0C-20EB-4129-A035-32F5F96D014A}.Debug|Any CPU.ActiveCfg = Debug|Any CPU
		{69274C0C-20EB-4129-A035-32F5F96D014A}.Debug|Any CPU.Build.0 = Debug|Any CPU
		{69274C0C-20EB-4129-A035-32F5F96D014A}.Release|Any CPU.ActiveCfg = Release|Any CPU
		{69274C0C-20EB-4129-A035-32F5F96D014A}.Release|Any CPU.Build.0 = Release|Any CPU
		{4884594B-EC6E-43F8-8A6D-2A1289E164CB}.Debug|Any CPU.ActiveCfg = Debug|Any CPU
		{4884594B-EC6E-43F8-8A6D-2A1289E164CB}.Debug|Any CPU.Build.0 = Debug|Any CPU
		{4884594B-EC6E-43F8-8A6D-2A1289E164CB}.Release|Any CPU.ActiveCfg = Release|Any CPU
		{4884594B-EC6E-43F8-8A6D-2A1289E164CB}.Release|Any CPU.Build.0 = Release|Any CPU
	EndGlobalSection
	GlobalSection(SolutionProperties) = preSolution
		HideSolutionNode = FALSE
	EndGlobalSection
	GlobalSection(ExtensibilityGlobals) = postSolution
		SolutionGuid = {39ED3E57-6CD6-4B6F-A832-E5CD9247ECBF}
	EndGlobalSection
EndGlobal
